PODS:
  - Flutter (1.0.0)
  - icloud_storage_plus (0.0.1):
    - Flutter

DEPENDENCIES:
  - Flutter (from `Flutter`)
  - icloud_storage_plus (from `.symlinks/plugins/icloud_storage_plus/ios`)

EXTERNAL SOURCES:
  Flutter:
    :path: Flutter
  icloud_storage_plus:
    :path: ".symlinks/plugins/icloud_storage_plus/ios"

SPEC CHECKSUMS:
  Flutter: cabc95a1d2626b1b06e7179b784ebcf0c0cde467
  icloud_storage_plus: b306d48e4bf39abd9e225f34118f0d91831c0fa5

PODFILE CHECKSUM: 0dbd5a87e0ace00c9610d2037ac22083a01f861d

COCOAPODS: 1.16.2
